
Microsoft Visual Studio Solution File, Format Version 12.00
# Visual Studio Version 17
VisualStudioVersion = 17.4.33103.184
MinimumVisualStudioVersion = 10.0.40219.1
Project("{FAE04EC0-301F-11D3-BF4B-00C04F79EFBC}") = "Practica5", "Practica5\Practica5.csproj", "{C2D27C20-2E4A-4229-9FCE-94A7F038A42E}"
EndProject
Global
	GlobalSection(SolutionConfigurationPlatforms) = preSolution
		Debug|Any CPU = Debug|Any CPU
		Release|Any CPU = Release|Any CPU
	EndGlobalSection
	GlobalSection(ProjectConfigurationPlatforms) = postSolution
		{C2D27C20-2E4A-4229-9FCE-94A7F038A42E}.Debug|Any CPU.ActiveCfg = Debug|Any CPU
		{C2D27C20-2E4A-4229-9FCE-94A7F038A42E}.Debug|Any CPU.Build.0 = Debug|Any CPU
		{C2D27C20-2E4A-4229-9FCE-94A7F038A42E}.Release|Any CPU.ActiveCfg = Release|Any CPU
		{C2D27C20-2E4A-4229-9FCE-94A7F038A42E}.Release|Any CPU.Build.0 = Release|Any CPU
	EndGlobalSection
	GlobalSection(SolutionProperties) = preSolution
		HideSolutionNode = FALSE
	EndGlobalSection
	GlobalSection(ExtensibilityGlobals) = postSolution
		SolutionGuid = {CB8A79CF-4E6F-4B64-9DD0-08A1EA1E9217}
	EndGlobalSection
EndGlobal
